
Microsoft Visual Studio Solution File, Format Version 12.00
# Visual Studio 14
VisualStudioVersion = 14.0.23107.0
MinimumVisualStudioVersion = 10.0.40219.1
Project("{FAE04EC0-301F-11D3-BF4B-00C04F79EFBC}") = "MDR.Domain", "MDR.Domain\MDR.Domain.csproj", "{9D367164-4D98-490A-917C-AB030CB411C0}"
EndProject
Project("{FAE04EC0-301F-11D3-BF4B-00C04F79EFBC}") = "MDR.Data.Sql", "MDR.Data.Sql\MDR.Data.Sql.csproj", "{33486E0D-BD55-498F-86D9-6BA9A46FACC2}"
EndProject
Project("{FAE04EC0-301F-11D3-BF4B-00C04F79EFBC}") = "MDR.Web.UI", "MDR.Web.UI\MDR.Web.UI.csproj", "{B6921494-A333-4A2E-AC99-1CECE7DEF387}"
EndProject
Global
	GlobalSection(SolutionConfigurationPlatforms) = preSolution
		Debug|Any CPU = Debug|Any CPU
		Release|Any CPU = Release|Any CPU
	EndGlobalSection
	GlobalSection(ProjectConfigurationPlatforms) = postSolution
		{9D367164-4D98-490A-917C-AB030CB411C0}.Debug|Any CPU.ActiveCfg = Debug|Any CPU
		{9D367164-4D98-490A-917C-AB030CB411C0}.Debug|Any CPU.Build.0 = Debug|Any CPU
		{9D367164-4D98-490A-917C-AB030CB411C0}.Release|Any CPU.ActiveCfg = Release|Any CPU
		{9D367164-4D98-490A-917C-AB030CB411C0}.Release|Any CPU.Build.0 = Release|Any CPU
		{33486E0D-BD55-498F-86D9-6BA9A46FACC2}.Debug|Any CPU.ActiveCfg = Debug|Any CPU
		{33486E0D-BD55-498F-86D9-6BA9A46FACC2}.Debug|Any CPU.Build.0 = Debug|Any CPU
		{33486E0D-BD55-498F-86D9-6BA9A46FACC2}.Release|Any CPU.ActiveCfg = Release|Any CPU
		{33486E0D-BD55-498F-86D9-6BA9A46FACC2}.Release|Any CPU.Build.0 = Release|Any CPU
		{B6921494-A333-4A2E-AC99-1CECE7DEF387}.Debug|Any CPU.ActiveCfg = Debug|Any CPU
		{B6921494-A333-4A2E-AC99-1CECE7DEF387}.Debug|Any CPU.Build.0 = Debug|Any CPU
		{B6921494-A333-4A2E-AC99-1CECE7DEF387}.Release|Any CPU.ActiveCfg = Release|Any CPU
		{B6921494-A333-4A2E-AC99-1CECE7DEF387}.Release|Any CPU.Build.0 = Release|Any CPU
	EndGlobalSection
	GlobalSection(SolutionProperties) = preSolution
		HideSolutionNode = FALSE
	EndGlobalSection
EndGlobal
